<?xml version="1.0" encoding="utf-8"?>
<Project ToolsVersion="4.0" xmlns="http://schemas.microsoft.com/developer/msbuild/2003">
  <ItemGroup>
    <Filter Include="Source Files">
      <UniqueIdentifier>{4FC737F1-C7A5-4376-A066-2A32D752A2FF}</UniqueIdentifier>
      <Extensions>cpp;c;cc;cxx;def;odl;idl;hpj;bat;asm;asmx</Extensions>
    </Filter>
    <Filter Include="Header Files">
      <UniqueIdentifier>{93995380-89BD-4b04-88EB-625FBE52EBFB}</UniqueIdentifier>
      <Extensions>h;hh;hpp;hxx;hm;inl;inc;xsd</Extensions>
    </Filter>
    <Filter Include="Resource Files">
      <UniqueIdentifier>{67DA6AB6-F800-4c08-8B7A-83BB121AAD01}</UniqueIdentifier>
      <Extensions>rc;ico;cur;bmp;dlg;rc2;rct;bin;rgs;gif;jpg;jpeg;jpe;resx;tiff;tif;png;wav;mfcribbon-ms</Extensions>
    </Filter>
    <Filter Include="Source Files\Buildings">
      <UniqueIdentifier>{4fad4f3e-735c-4ef7-8037-fc517c02f7f8}</UniqueIdentifier>
    </Filter>
    <Filter Include="Source Files\Enemies">
      <UniqueIdentifier>{25f92083-37a0-4301-891c-ad7c0cf90ac0}</UniqueIdentifier>
    </Filter>
    <Filter Include="Source Files\Factories">
      <UniqueIdentifier>{40668ea1-32ca-4a7c-894a-50f161fbd3f1}</UniqueIdentifier>
    </Filter>
    <Filter Include="Source Files\Texture">
      <UniqueIdentifier>{98f6db31-0404-4f96-a11e-66510a9cdccf}</UniqueIdentifier>
    </Filter>
    <Filter Include="Source Files\Battle">
      <UniqueIdentifier>{94267863-e8a5-4103-bd5f-8838e5e21d06}</UniqueIdentifier>
    </Filter>
    <Filter Include="Source Files\File">
      <UniqueIdentifier>{56ea7454-f6e5-4847-bf4b-44b7c0562e11}</UniqueIdentifier>
    </Filter>
    <Filter Include="Source Files\ActionManager">
      <UniqueIdentifier>{d6e1725e-e5d2-42c0-9872-992c072d7cea}</UniqueIdentifier>
    </Filter>
    <Filter Include="Source Files\StructsHeaders">
      <UniqueIdentifier>{cf5f7392-6b36-4b9a-92ab-4a3497401885}</UniqueIdentifier>
    </Filter>
  </ItemGroup>
  <ItemGroup>
    <ClCompile Include="ArtificialIntelligence.cpp">
      <Filter>Source Files</Filter>
    </ClCompile>
    <ClCompile Include="camera.cpp">
      <Filter>Source Files</Filter>
    </ClCompile>
    <ClCompile Include="Character.cpp">
      <Filter>Source Files</Filter>
    </ClCompile>
    <ClCompile Include="Controls.cpp">
      <Filter>Source Files</Filter>
    </ClCompile>
    <ClCompile Include="enemy.cpp">
      <Filter>Source Files</Filter>
    </ClCompile>
    <ClCompile Include="EnemyGen.cpp">
      <Filter>Source Files</Filter>
    </ClCompile>
    <ClCompile Include="Inventory.cpp">
      <Filter>Source Files</Filter>
    </ClCompile>
    <ClCompile Include="Item.cpp">
      <Filter>Source Files</Filter>
    </ClCompile>
    <ClCompile Include="main.cpp">
      <Filter>Source Files</Filter>
    </ClCompile>
    <ClCompile Include="Map.cpp">
      <Filter>Source Files</Filter>
    </ClCompile>
    <ClCompile Include="PlaceItemsAndEnemies.cpp">
      <Filter>Source Files</Filter>
    </ClCompile>
    <ClCompile Include="player.cpp">
      <Filter>Source Files</Filter>
    </ClCompile>
    <ClCompile Include="RNG.cpp">
      <Filter>Source Files</Filter>
    </ClCompile>
    <ClCompile Include="sound_play.cpp">
      <Filter>Source Files</Filter>
    </ClCompile>
    <ClCompile Include="Window.cpp">
      <Filter>Source Files</Filter>
    </ClCompile>
    <ClCompile Include="StoneTower.cpp">
      <Filter>Source Files\Buildings</Filter>
    </ClCompile>
    <ClCompile Include="Goblin.cpp">
      <Filter>Source Files\Enemies</Filter>
    </ClCompile>
    <ClCompile Include="EnemyFactory.cpp">
      <Filter>Source Files\Factories</Filter>
    </ClCompile>
    <ClCompile Include="BuildingFactory.cpp">
      <Filter>Source Files\Factories</Filter>
    </ClCompile>
    <ClCompile Include="Building.cpp">
      <Filter>Source Files</Filter>
    </ClCompile>
    <ClCompile Include="Texture.cpp">
      <Filter>Source Files\Texture</Filter>
    </ClCompile>
    <ClCompile Include="TextTexture.cpp">
      <Filter>Source Files\Texture</Filter>
    </ClCompile>
    <ClCompile Include="BattleHandler.cpp">
      <Filter>Source Files\Battle</Filter>
    </ClCompile>
    <ClCompile Include="Battle.cpp">
      <Filter>Source Files\Battle</Filter>
    </ClCompile>
    <ClCompile Include="ReadFile.cpp">
      <Filter>Source Files\File</Filter>
    </ClCompile>
    <ClCompile Include="ReadString.cpp">
      <Filter>Source Files\File</Filter>
    </ClCompile>
    <ClCompile Include="Manager.cpp">
      <Filter>Source Files</Filter>
    </ClCompile>
    <ClCompile Include="PlayerManager.cpp">
      <Filter>Source Files\ActionManager</Filter>
    </ClCompile>
    <ClCompile Include="EnemyManager.cpp">
      <Filter>Source Files\ActionManager</Filter>
    </ClCompile>
    <ClCompile Include="WriteFile.cpp">
      <Filter>Source Files\File</Filter>
    </ClCompile>
    <ClCompile Include="Game.cpp">
      <Filter>Source Files</Filter>
    </ClCompile>
    <ClCompile Include="ItemRenderer.cpp">
      <Filter>Source Files</Filter>
    </ClCompile>
  </ItemGroup>
  <ItemGroup>
    <ClInclude Include="ArtificialIntelligence.h">
      <Filter>Header Files</Filter>
    </ClInclude>
    <ClInclude Include="camera.h">
      <Filter>Header Files</Filter>
    </ClInclude>
    <ClInclude Include="Character.h">
      <Filter>Header Files</Filter>
    </ClInclude>
    <ClInclude Include="Controls.h">
      <Filter>Header Files</Filter>
    </ClInclude>
    <ClInclude Include="enemy.h">
      <Filter>Header Files</Filter>
    </ClInclude>
    <ClInclude Include="EnemyGen.h">
      <Filter>Header Files</Filter>
    </ClInclude>
    <ClInclude Include="GlobalDef.h">
      <Filter>Header Files</Filter>
    </ClInclude>
    <ClInclude Include="Inventory.h">
      <Filter>Header Files</Filter>
    </ClInclude>
    <ClInclude Include="Item.h">
      <Filter>Header Files</Filter>
    </ClInclude>
    <ClInclude Include="Map.h">
      <Filter>Header Files</Filter>
    </ClInclude>
    <ClInclude Include="PlaceItemsAndEnemies.h">
      <Filter>Header Files</Filter>
    </ClInclude>
    <ClInclude Include="player.h">
      <Filter>Header Files</Filter>
    </ClInclude>
    <ClInclude Include="RNG.h">
      <Filter>Header Files</Filter>
    </ClInclude>
    <ClInclude Include="sound_play.h">
      <Filter>Header Files</Filter>
    </ClInclude>
    <ClInclude Include="Window.h">
      <Filter>Header Files</Filter>
    </ClInclude>
    <ClInclude Include="WriteFile.h">
      <Filter>Header Files</Filter>
    </ClInclude>
    <ClInclude Include="StoneTower.h">
      <Filter>Source Files\Buildings</Filter>
    </ClInclude>
    <ClInclude Include="Goblin.h">
      <Filter>Source Files\Enemies</Filter>
    </ClInclude>
    <ClInclude Include="EnemyFactory.h">
      <Filter>Source Files\Factories</Filter>
    </ClInclude>
    <ClInclude Include="BuildingFactory.h">
      <Filter>Source Files\Factories</Filter>
    </ClInclude>
    <ClInclude Include="Building.h">
      <Filter>Header Files</Filter>
    </ClInclude>
    <ClInclude Include="Texture.h">
      <Filter>Source Files\Texture</Filter>
    </ClInclude>
    <ClInclude Include="TextTexture.h">
      <Filter>Source Files\Texture</Filter>
    </ClInclude>
    <ClInclude Include="BattleHandler.h">
      <Filter>Source Files\Battle</Filter>
    </ClInclude>
    <ClInclude Include="Battle.h">
      <Filter>Source Files\Battle</Filter>
    </ClInclude>
    <ClInclude Include="ReadFile.h">
      <Filter>Source Files\File</Filter>
    </ClInclude>
    <ClInclude Include="ReadString.h">
      <Filter>Source Files\File</Filter>
    </ClInclude>
    <ClInclude Include="Manager.h">
      <Filter>Header Files</Filter>
    </ClInclude>
    <ClInclude Include="PlayerManager.h">
      <Filter>Source Files\ActionManager</Filter>
    </ClInclude>
    <ClInclude Include="EnemyManager.h">
      <Filter>Source Files\ActionManager</Filter>
    </ClInclude>
    <ClInclude Include="CameraStruct.h">
      <Filter>Source Files\StructsHeaders</Filter>
    </ClInclude>
    <ClInclude Include="BuildingStruct.h">
      <Filter>Source Files\StructsHeaders</Filter>
    </ClInclude>
    <ClInclude Include="MapDataStructs.h">
      <Filter>Source Files\StructsHeaders</Filter>
    </ClInclude>
    <ClInclude Include="Game.h">
      <Filter>Header Files</Filter>
    </ClInclude>
    <ClInclude Include="ItemRenderer.h">
      <Filter>Header Files</Filter>
    </ClInclude>
    <ClInclude Include="LocationCoordinate.h">
      <Filter>Header Files</Filter>
    </ClInclude>
  </ItemGroup>
  <ItemGroup>
    <Font Include="img\airmole.ttf">
      <Filter>Resource Files</Filter>
    </Font>
    <Font Include="img\carbon.ttf">
      <Filter>Resource Files</Filter>
    </Font>
  </ItemGroup>
  <ItemGroup>
    <Image Include="img\char.png">
      <Filter>Resource Files</Filter>
    </Image>
    <Image Include="img\cursor.png">
      <Filter>Resource Files</Filter>
    </Image>
    <Image Include="img\description.png">
      <Filter>Resource Files</Filter>
    </Image>
    <Image Include="img\enemy.png">
      <Filter>Resource Files</Filter>
    </Image>
    <Image Include="img\game_over.png">
      <Filter>Resource Files</Filter>
    </Image>
    <Image Include="img\icon.bmp">
      <Filter>Resource Files</Filter>
    </Image>
    <Image Include="img\inventory.png">
      <Filter>Resource Files</Filter>
    </Image>
    <Image Include="img\items.png">
      <Filter>Resource Files</Filter>
    </Image>
    <Image Include="img\level_bar.png">
      <Filter>Resource Files</Filter>
    </Image>
    <Image Include="img\lol.ico">
      <Filter>Resource Files</Filter>
    </Image>
    <Image Include="img\tile_set.png">
      <Filter>Resource Files</Filter>
    </Image>
    <Image Include="img\userinterface.png">
      <Filter>Resource Files</Filter>
    </Image>
  </ItemGroup>
  <ItemGroup>
    <Media Include="music\game1.wav">
      <Filter>Resource Files</Filter>
    </Media>
    <Media Include="music\game2.wav">
      <Filter>Resource Files</Filter>
    </Media>
    <Media Include="music\hit.wav">
      <Filter>Resource Files</Filter>
    </Media>
  </ItemGroup>
  <ItemGroup>
    <None Include="item_data.csv">
      <Filter>Resource Files</Filter>
    </None>
  </ItemGroup>
</Project>